// !$*UTF8*$!
{
	archiveVersion = 1;
	classes = {
	};
	objectVersion = 56;
	objects = {

/* Begin PBXBuildFile section */
		D065175A2CE64AC600C96E51 /* AppDelegate.swift in Sources */ = {isa = PBXBuildFile; fileRef = D06517592CE64AC600C96E51 /* AppDelegate.swift */; };
		D065175C2CE64AC600C96E51 /* GameScene.sks in Resources */ = {isa = PBXBuildFile; fileRef = D065175B2CE64AC600C96E51 /* GameScene.sks */; };
		D065175E2CE64AC600C96E51 /* Actions.sks in Resources */ = {isa = PBXBuildFile; fileRef = D065175D2CE64AC600C96E51 /* Actions.sks */; };
		D06517602CE64AC600C96E51 /* GameScene.swift in Sources */ = {isa = PBXBuildFile; fileRef = D065175F2CE64AC600C96E51 /* GameScene.swift */; };
		D06517622CE64AC600C96E51 /* GameViewController.swift in Sources */ = {isa = PBXBuildFile; fileRef = D06517612CE64AC600C96E51 /* GameViewController.swift */; };
		D06517652CE64AC600C96E51 /* Base in Resources */ = {isa = PBXBuildFile; fileRef = D06517642CE64AC600C96E51 /* Base */; };
		D06517672CE64AC800C96E51 /* Assets.xcassets in Resources */ = {isa = PBXBuildFile; fileRef = D06517662CE64AC800C96E51 /* Assets.xcassets */; };
		D065176A2CE64AC800C96E51 /* Base in Resources */ = {isa = PBXBuildFile; fileRef = D06517692CE64AC800C96E51 /* Base */; };
		D06517742CE64AC900C96E51 /* MolezTests.swift in Sources */ = {isa = PBXBuildFile; fileRef = D06517732CE64AC900C96E51 /* MolezTests.swift */; };
		D065177E2CE64AC900C96E51 /* MolezUITests.swift in Sources */ = {isa = PBXBuildFile; fileRef = D065177D2CE64AC900C96E51 /* MolezUITests.swift */; };
		D06517802CE64AC900C96E51 /* MolezUITestsLaunchTests.swift in Sources */ = {isa = PBXBuildFile; fileRef = D065177F2CE64AC900C96E51 /* MolezUITestsLaunchTests.swift */; };
/* End PBXBuildFile section */

/* Begin PBXContainerItemProxy section */
		D06517702CE64AC900C96E51 /* PBXContainerItemProxy */ = {
			isa = PBXContainerItemProxy;
			containerPortal = D065174E2CE64AC600C96E51 /* Project object */;
			proxyType = 1;
			remoteGlobalIDString = D06517552CE64AC600C96E51;
			remoteInfo = Molez;
		};
		D065177A2CE64AC900C96E51 /* PBXContainerItemProxy */ = {
			isa = PBXContainerItemProxy;
			containerPortal = D065174E2CE64AC600C96E51 /* Project object */;
			proxyType = 1;
			remoteGlobalIDString = D06517552CE64AC600C96E51;
			remoteInfo = Molez;
		};
/* End PBXContainerItemProxy section */

/* Begin PBXFileReference section */
		D06517562CE64AC600C96E51 /* Molez.app */ = {isa = PBXFileReference; explicitFileType = wrapper.application; includeInIndex = 0; path = Molez.app; sourceTree = BUILT_PRODUCTS_DIR; };
		D06517592CE64AC600C96E51 /* AppDelegate.swift */ = {isa = PBXFileReference; lastKnownFileType = sourcecode.swift; path = AppDelegate.swift; sourceTree = "<group>"; };
		D065175B2CE64AC600C96E51 /* GameScene.sks */ = {isa = PBXFileReference; lastKnownFileType = file.sks; path = GameScene.sks; sourceTree = "<group>"; };
		D065175D2CE64AC600C96E51 /* Actions.sks */ = {isa = PBXFileReference; lastKnownFileType = file.sks; path = Actions.sks; sourceTree = "<group>"; };
		D065175F2CE64AC600C96E51 /* GameScene.swift */ = {isa = PBXFileReference; lastKnownFileType = sourcecode.swift; path = GameScene.swift; sourceTree = "<group>"; };
		D06517612CE64AC600C96E51 /* GameViewController.swift */ = {isa = PBXFileReference; lastKnownFileType = sourcecode.swift; path = GameViewController.swift; sourceTree = "<group>"; };
		D06517642CE64AC600C96E51 /* Base */ = {isa = PBXFileReference; lastKnownFileType = file.storyboard; name = Base; path = Base.lproj/Main.storyboard; sourceTree = "<group>"; };
		D06517662CE64AC800C96E51 /* Assets.xcassets */ = {isa = PBXFileReference; lastKnownFileType = folder.assetcatalog; path = Assets.xcassets; sourceTree = "<group>"; };
		D06517692CE64AC800C96E51 /* Base */ = {isa = PBXFileReference; lastKnownFileType = file.storyboard; name = Base; path = Base.lproj/LaunchScreen.storyboard; sourceTree = "<group>"; };
		D065176F2CE64AC900C96E51 /* MolezTests.xctest */ = {isa = PBXFileReference; explicitFileType = wrapper.cfbundle; includeInIndex = 0; path = MolezTests.xctest; sourceTree = BUILT_PRODUCTS_DIR; };
		D06517732CE64AC900C96E51 /* MolezTests.swift */ = {isa = PBXFileReference; lastKnownFileType = sourcecode.swift; path = MolezTests.swift; sourceTree = "<group>"; };
		D06517792CE64AC900C96E51 /* MolezUITests.xctest */ = {isa = PBXFileReference; explicitFileType = wrapper.cfbundle; includeInIndex = 0; path = MolezUITests.xctest; sourceTree = BUILT_PRODUCTS_DIR; };
		D065177D2CE64AC900C96E51 /* MolezUITests.swift */ = {isa = PBXFileReference; lastKnownFileType = sourcecode.swift; path = MolezUITests.swift; sourceTree = "<group>"; };
		D065177F2CE64AC900C96E51 /* MolezUITestsLaunchTests.swift */ = {isa = PBXFileReference; lastKnownFileType = sourcecode.swift; path = MolezUITestsLaunchTests.swift; sourceTree = "<group>"; };
/* End PBXFileReference section */

/* Begin PBXFrameworksBuildPhase section */
		D06517532CE64AC600C96E51 /* Frameworks */ = {
			isa = PBXFrameworksBuildPhase;
			buildActionMask = 2147483647;
			files = (
			);
			runOnlyForDeploymentPostprocessing = 0;
		};
		D065176C2CE64AC900C96E51 /* Frameworks */ = {
			isa = PBXFrameworksBuildPhase;
			buildActionMask = 2147483647;
			files = (
			);
			runOnlyForDeploymentPostprocessing = 0;
		};
		D06517762CE64AC900C96E51 /* Frameworks */ = {
			isa = PBXFrameworksBuildPhase;
			buildActionMask = 2147483647;
			files = (
			);
			runOnlyForDeploymentPostprocessing = 0;
		};
/* End PBXFrameworksBuildPhase section */

/* Begin PBXGroup section */
		D065174D2CE64AC600C96E51 = {
			isa = PBXGroup;
			children = (
				D06517582CE64AC600C96E51 /* Molez */,
				D06517722CE64AC900C96E51 /* MolezTests */,
				D065177C2CE64AC900C96E51 /* MolezUITests */,
				D06517572CE64AC600C96E51 /* Products */,
			);
			sourceTree = "<group>";
		};
		D06517572CE64AC600C96E51 /* Products */ = {
			isa = PBXGroup;
			children = (
				D06517562CE64AC600C96E51 /* Molez.app */,
				D065176F2CE64AC900C96E51 /* MolezTests.xctest */,
				D06517792CE64AC900C96E51 /* MolezUITests.xctest */,
			);
			name = Products;
			sourceTree = "<group>";
		};
		D06517582CE64AC600C96E51 /* Molez */ = {
			isa = PBXGroup;
			children = (
				D06517592CE64AC600C96E51 /* AppDelegate.swift */,
				D065178C2CE64AD400C96E51 /* Scenes */,
				D065178D2CE64ADA00C96E51 /* Actions */,
				D065175F2CE64AC600C96E51 /* GameScene.swift */,
				D06517612CE64AC600C96E51 /* GameViewController.swift */,
				D06517632CE64AC600C96E51 /* Main.storyboard */,
				D06517662CE64AC800C96E51 /* Assets.xcassets */,
				D06517682CE64AC800C96E51 /* LaunchScreen.storyboard */,
			);
			path = Molez;
			sourceTree = "<group>";
		};
		D06517722CE64AC900C96E51 /* MolezTests */ = {
			isa = PBXGroup;
			children = (
				D06517732CE64AC900C96E51 /* MolezTests.swift */,
			);
			path = MolezTests;
			sourceTree = "<group>";
		};
		D065177C2CE64AC900C96E51 /* MolezUITests */ = {
			isa = PBXGroup;
			children = (
				D065177D2CE64AC900C96E51 /* MolezUITests.swift */,
				D065177F2CE64AC900C96E51 /* MolezUITestsLaunchTests.swift */,
			);
			path = MolezUITests;
			sourceTree = "<group>";
		};
		D065178C2CE64AD400C96E51 /* Scenes */ = {
			isa = PBXGroup;
			children = (
				D065175B2CE64AC600C96E51 /* GameScene.sks */,
			);
			path = Scenes;
			sourceTree = "<group>";
		};
		D065178D2CE64ADA00C96E51 /* Actions */ = {
			isa = PBXGroup;
			children = (
				D065175D2CE64AC600C96E51 /* Actions.sks */,
			);
			path = Actions;
			sourceTree = "<group>";
		};
/* End PBXGroup section */

/* Begin PBXNativeTarget section */
		D06517552CE64AC600C96E51 /* Molez */ = {
			isa = PBXNativeTarget;
			buildConfigurationList = D06517832CE64AC900C96E51 /* Build configuration list for PBXNativeTarget "Molez" */;
			buildPhases = (
				D06517522CE64AC600C96E51 /* Sources */,
				D06517532CE64AC600C96E51 /* Frameworks */,
				D06517542CE64AC600C96E51 /* Resources */,
			);
			buildRules = (
			);
			dependencies = (
			);
			name = Molez;
			productName = Molez;
			productReference = D06517562CE64AC600C96E51 /* Molez.app */;
			productType = "com.apple.product-type.application";
		};
		D065176E2CE64AC900C96E51 /* MolezTests */ = {
			isa = PBXNativeTarget;
			buildConfigurationList = D06517862CE64AC900C96E51 /* Build configuration list for PBXNativeTarget "MolezTests" */;
			buildPhases = (
				D065176B2CE64AC900C96E51 /* Sources */,
				D065176C2CE64AC900C96E51 /* Frameworks */,
				D065176D2CE64AC900C96E51 /* Resources */,
			);
			buildRules = (
			);
			dependencies = (
				D06517712CE64AC900C96E51 /* PBXTargetDependency */,
			);
			name = MolezTests;
			productName = MolezTests;
			productReference = D065176F2CE64AC900C96E51 /* MolezTests.xctest */;
			productType = "com.apple.product-type.bundle.unit-test";
		};
		D06517782CE64AC900C96E51 /* MolezUITests */ = {
			isa = PBXNativeTarget;
			buildConfigurationList = D06517892CE64AC900C96E51 /* Build configuration list for PBXNativeTarget "MolezUITests" */;
			buildPhases = (
				D06517752CE64AC900C96E51 /* Sources */,
				D06517762CE64AC900C96E51 /* Frameworks */,
				D06517772CE64AC900C96E51 /* Resources */,
			);
			buildRules = (
			);
			dependencies = (
				D065177B2CE64AC900C96E51 /* PBXTargetDependency */,
			);
			name = MolezUITests;
			productName = MolezUITests;
			productReference = D06517792CE64AC900C96E51 /* MolezUITests.xctest */;
			productType = "com.apple.product-type.bundle.ui-testing";
		};
/* End PBXNativeTarget section */

/* Begin PBXProject section */
		D065174E2CE64AC600C96E51 /* Project object */ = {
			isa = PBXProject;
			attributes = {
				BuildIndependentTargetsInParallel = 1;
				LastSwiftUpdateCheck = 1540;
				LastUpgradeCheck = 1540;
				TargetAttributes = {
					D06517552CE64AC600C96E51 = {
						CreatedOnToolsVersion = 15.4;
					};
					D065176E2CE64AC900C96E51 = {
						CreatedOnToolsVersion = 15.4;
						TestTargetID = D06517552CE64AC600C96E51;
					};
					D06517782CE64AC900C96E51 = {
						CreatedOnToolsVersion = 15.4;
						TestTargetID = D06517552CE64AC600C96E51;
					};
				};
			};
			buildConfigurationList = D06517512CE64AC600C96E51 /* Build configuration list for PBXProject "Molez" */;
			compatibilityVersion = "Xcode 14.0";
			developmentRegion = en;
			hasScannedForEncodings = 0;
			knownRegions = (
				en,
				Base,
			);
			mainGroup = D065174D2CE64AC600C96E51;
			productRefGroup = D06517572CE64AC600C96E51 /* Products */;
			projectDirPath = "";
			projectRoot = "";
			targets = (
				D06517552CE64AC600C96E51 /* Molez */,
				D065176E2CE64AC900C96E51 /* MolezTests */,
				D06517782CE64AC900C96E51 /* MolezUITests */,
			);
		};
/* End PBXProject section */

/* Begin PBXResourcesBuildPhase section */
		D06517542CE64AC600C96E51 /* Resources */ = {
			isa = PBXResourcesBuildPhase;
			buildActionMask = 2147483647;
			files = (
				D065175C2CE64AC600C96E51 /* GameScene.sks in Resources */,
				D06517652CE64AC600C96E51 /* Base in Resources */,
				D06517672CE64AC800C96E51 /* Assets.xcassets in Resources */,
				D065175E2CE64AC600C96E51 /* Actions.sks in Resources */,
				D065176A2CE64AC800C96E51 /* Base in Resources */,
			);
			runOnlyForDeploymentPostprocessing = 0;
		};
		D065176D2CE64AC900C96E51 /* Resources */ = {
			isa = PBXResourcesBuildPhase;
			buildActionMask = 2147483647;
			files = (
			);
			runOnlyForDeploymentPostprocessing = 0;
		};
		D06517772CE64AC900C96E51 /* Resources */ = {
			isa = PBXResourcesBuildPhase;
			buildActionMask = 2147483647;
			files = (
			);
			runOnlyForDeploymentPostprocessing = 0;
		};
/* End PBXResourcesBuildPhase section */

/* Begin PBXSourcesBuildPhase section */
		D06517522CE64AC600C96E51 /* Sources */ = {
			isa = PBXSourcesBuildPhase;
			buildActionMask = 2147483647;
			files = (
				D06517602CE64AC600C96E51 /* GameScene.swift in Sources */,
				D06517622CE64AC600C96E51 /* GameViewController.swift in Sources */,
				D065175A2CE64AC600C96E51 /* AppDelegate.swift in Sources */,
			);
			runOnlyForDeploymentPostprocessing = 0;
		};
		D065176B2CE64AC900C96E51 /* Sources */ = {
			isa = PBXSourcesBuildPhase;
			buildActionMask = 2147483647;
			files = (
				D06517742CE64AC900C96E51 /* MolezTests.swift in Sources */,
			);
			runOnlyForDeploymentPostprocessing = 0;
		};
		D06517752CE64AC900C96E51 /* Sources */ = {
			isa = PBXSourcesBuildPhase;
			buildActionMask = 2147483647;
			files = (
				D06517802CE64AC900C96E51 /* MolezUITestsLaunchTests.swift in Sources */,
				D065177E2CE64AC900C96E51 /* MolezUITests.swift in Sources */,
			);
			runOnlyForDeploymentPostprocessing = 0;
		};
/* End PBXSourcesBuildPhase section */

/* Begin PBXTargetDependency section */
		D06517712CE64AC900C96E51 /* PBXTargetDependency */ = {
			isa = PBXTargetDependency;
			target = D06517552CE64AC600C96E51 /* Molez */;
			targetProxy = D06517702CE64AC900C96E51 /* PBXContainerItemProxy */;
		};
		D065177B2CE64AC900C96E51 /* PBXTargetDependency */ = {
			isa = PBXTargetDependency;
			target = D06517552CE64AC600C96E51 /* Molez */;
			targetProxy = D065177A2CE64AC900C96E51 /* PBXContainerItemProxy */;
		};
/* End PBXTargetDependency section */

/* Begin PBXVariantGroup section */
		D06517632CE64AC600C96E51 /* Main.storyboard */ = {
			isa = PBXVariantGroup;
			children = (
				D06517642CE64AC600C96E51 /* Base */,
			);
			name = Main.storyboard;
			sourceTree = "<group>";
		};
		D06517682CE64AC800C96E51 /* LaunchScreen.storyboard */ = {
			isa = PBXVariantGroup;
			children = (
				D06517692CE64AC800C96E51 /* Base */,
			);
			name = LaunchScreen.storyboard;
			sourceTree = "<group>";
		};
/* End PBXVariantGroup section */

/* Begin XCBuildConfiguration section */
		D06517812CE64AC900C96E51 /* Debug */ = {
			isa = XCBuildConfiguration;
			buildSettings = {
				ALWAYS_SEARCH_USER_PATHS = NO;
				ASSETCATALOG_COMPILER_GENERATE_SWIFT_ASSET_SYMBOL_EXTENSIONS = YES;
				CLANG_ANALYZER_NONNULL = YES;
				CLANG_ANALYZER_NUMBER_OBJECT_CONVERSION = YES_AGGRESSIVE;
				CLANG_CXX_LANGUAGE_STANDARD = "gnu++20";
				CLANG_ENABLE_MODULES = YES;
				CLANG_ENABLE_OBJC_ARC = YES;
				CLANG_ENABLE_OBJC_WEAK = YES;
				CLANG_WARN_BLOCK_CAPTURE_AUTORELEASING = YES;
				CLANG_WARN_BOOL_CONVERSION = YES;
				CLANG_WARN_COMMA = YES;
				CLANG_WARN_CONSTANT_CONVERSION = YES;
				CLANG_WARN_DEPRECATED_OBJC_IMPLEMENTATIONS = YES;
				CLANG_WARN_DIRECT_OBJC_ISA_USAGE = YES_ERROR;
				CLANG_WARN_DOCUMENTATION_COMMENTS = YES;
				CLANG_WARN_EMPTY_BODY = YES;
				CLANG_WARN_ENUM_CONVERSION = YES;
				CLANG_WARN_INFINITE_RECURSION = YES;
				CLANG_WARN_INT_CONVERSION = YES;
				CLANG_WARN_NON_LITERAL_NULL_CONVERSION = YES;
				CLANG_WARN_OBJC_IMPLICIT_RETAIN_SELF = YES;
				CLANG_WARN_OBJC_LITERAL_CONVERSION = YES;
				CLANG_WARN_OBJC_ROOT_CLASS = YES_ERROR;
				CLANG_WARN_QUOTED_INCLUDE_IN_FRAMEWORK_HEADER = YES;
				CLANG_WARN_RANGE_LOOP_ANALYSIS = YES;
				CLANG_WARN_STRICT_PROTOTYPES = YES;
				CLANG_WARN_SUSPICIOUS_MOVE = YES;
				CLANG_WARN_UNGUARDED_AVAILABILITY = YES_AGGRESSIVE;
				CLANG_WARN_UNREACHABLE_CODE = YES;
				CLANG_WARN__DUPLICATE_METHOD_MATCH = YES;
				COPY_PHASE_STRIP = NO;
				DEBUG_INFORMATION_FORMAT = dwarf;
				ENABLE_STRICT_OBJC_MSGSEND = YES;
				ENABLE_TESTABILITY = YES;
				ENABLE_USER_SCRIPT_SANDBOXING = YES;
				GCC_C_LANGUAGE_STANDARD = gnu17;
				GCC_DYNAMIC_NO_PIC = NO;
				GCC_NO_COMMON_BLOCKS = YES;
				GCC_OPTIMIZATION_LEVEL = 0;
				GCC_PREPROCESSOR_DEFINITIONS = (
					"DEBUG=1",
					"$(inherited)",
				);
				GCC_WARN_64_TO_32_BIT_CONVERSION = YES;
				GCC_WARN_ABOUT_RETURN_TYPE = YES_ERROR;
				GCC_WARN_UNDECLARED_SELECTOR = YES;
				GCC_WARN_UNINITIALIZED_AUTOS = YES_AGGRESSIVE;
				GCC_WARN_UNUSED_FUNCTION = YES;
				GCC_WARN_UNUSED_VARIABLE = YES;
				IPHONEOS_DEPLOYMENT_TARGET = 17.5;
				LOCALIZATION_PREFERS_STRING_CATALOGS = YES;
				MTL_ENABLE_DEBUG_INFO = INCLUDE_SOURCE;
				MTL_FAST_MATH = YES;
				ONLY_ACTIVE_ARCH = YES;
				SDKROOT = iphoneos;
				SWIFT_ACTIVE_COMPILATION_CONDITIONS = "DEBUG $(inherited)";
				SWIFT_OPTIMIZATION_LEVEL = "-Onone";
			};
			name = Debug;
		};
		D06517822CE64AC900C96E51 /* Release */ = {
			isa = XCBuildConfiguration;
			buildSettings = {
				ALWAYS_SEARCH_USER_PATHS = NO;
				ASSETCATALOG_COMPILER_GENERATE_SWIFT_ASSET_SYMBOL_EXTENSIONS = YES;
				CLANG_ANALYZER_NONNULL = YES;
				CLANG_ANALYZER_NUMBER_OBJECT_CONVERSION = YES_AGGRESSIVE;
				CLANG_CXX_LANGUAGE_STANDARD = "gnu++20";
				CLANG_ENABLE_MODULES = YES;
				CLANG_ENABLE_OBJC_ARC = YES;
				CLANG_ENABLE_OBJC_WEAK = YES;
				CLANG_WARN_BLOCK_CAPTURE_AUTORELEASING = YES;
				CLANG_WARN_BOOL_CONVERSION = YES;
				CLANG_WARN_COMMA = YES;
				CLANG_WARN_CONSTANT_CONVERSION = YES;
				CLANG_WARN_DEPRECATED_OBJC_IMPLEMENTATIONS = YES;
				CLANG_WARN_DIRECT_OBJC_ISA_USAGE = YES_ERROR;
				CLANG_WARN_DOCUMENTATION_COMMENTS = YES;
				CLANG_WARN_EMPTY_BODY = YES;
				CLANG_WARN_ENUM_CONVERSION = YES;
				CLANG_WARN_INFINITE_RECURSION = YES;
				CLANG_WARN_INT_CONVERSION = YES;
				CLANG_WARN_NON_LITERAL_NULL_CONVERSION = YES;
				CLANG_WARN_OBJC_IMPLICIT_RETAIN_SELF = YES;
				CLANG_WARN_OBJC_LITERAL_CONVERSION = YES;
				CLANG_WARN_OBJC_ROOT_CLASS = YES_ERROR;
				CLANG_WARN_QUOTED_INCLUDE_IN_FRAMEWORK_HEADER = YES;
				CLANG_WARN_RANGE_LOOP_ANALYSIS = YES;
				CLANG_WARN_STRICT_PROTOTYPES = YES;
				CLANG_WARN_SUSPICIOUS_MOVE = YES;
				CLANG_WARN_UNGUARDED_AVAILABILITY = YES_AGGRESSIVE;
				CLANG_WARN_UNREACHABLE_CODE = YES;
				CLANG_WARN__DUPLICATE_METHOD_MATCH = YES;
				COPY_PHASE_STRIP = NO;
				DEBUG_INFORMATION_FORMAT = "dwarf-with-dsym";
				ENABLE_NS_ASSERTIONS = NO;
				ENABLE_STRICT_OBJC_MSGSEND = YES;
				ENABLE_USER_SCRIPT_SANDBOXING = YES;
				GCC_C_LANGUAGE_STANDARD = gnu17;
				GCC_NO_COMMON_BLOCKS = YES;
				GCC_WARN_64_TO_32_BIT_CONVERSION = YES;
				GCC_WARN_ABOUT_RETURN_TYPE = YES_ERROR;
				GCC_WARN_UNDECLARED_SELECTOR = YES;
				GCC_WARN_UNINITIALIZED_AUTOS = YES_AGGRESSIVE;
				GCC_WARN_UNUSED_FUNCTION = YES;
				GCC_WARN_UNUSED_VARIABLE = YES;
				IPHONEOS_DEPLOYMENT_TARGET = 17.5;
				LOCALIZATION_PREFERS_STRING_CATALOGS = YES;
				MTL_ENABLE_DEBUG_INFO = NO;
				MTL_FAST_MATH = YES;
				SDKROOT = iphoneos;
				SWIFT_COMPILATION_MODE = wholemodule;
				VALIDATE_PRODUCT = YES;
			};
			name = Release;
		};
		D06517842CE64AC900C96E51 /* Debug */ = {
			isa = XCBuildConfiguration;
			buildSettings = {
				ASSETCATALOG_COMPILER_APPICON_NAME = AppIcon;
				ASSETCATALOG_COMPILER_GLOBAL_ACCENT_COLOR_NAME = AccentColor;
				CODE_SIGN_STYLE = Automatic;
				CURRENT_PROJECT_VERSION = 1;
				GENERATE_INFOPLIST_FILE = YES;
				INFOPLIST_KEY_UIApplicationSupportsIndirectInputEvents = YES;
				INFOPLIST_KEY_UILaunchStoryboardName = LaunchScreen;
				INFOPLIST_KEY_UIMainStoryboardFile = Main;
				INFOPLIST_KEY_UIStatusBarHidden = YES;
				INFOPLIST_KEY_UISupportedInterfaceOrientations_iPad = "UIInterfaceOrientationPortrait UIInterfaceOrientationPortraitUpsideDown UIInterfaceOrientationLandscapeLeft UIInterfaceOrientationLandscapeRight";
				INFOPLIST_KEY_UISupportedInterfaceOrientations_iPhone = "UIInterfaceOrientationPortrait UIInterfaceOrientationLandscapeLeft UIInterfaceOrientationLandscapeRight";
				LD_RUNPATH_SEARCH_PATHS = (
					"$(inherited)",
					"@executable_path/Frameworks",
				);
				MARKETING_VERSION = 1.0;
				PRODUCT_BUNDLE_IDENTIFIER = com.cxiang2.Molez;
				PRODUCT_NAME = "$(TARGET_NAME)";
				SWIFT_EMIT_LOC_STRINGS = YES;
				SWIFT_VERSION = 5.0;
				TARGETED_DEVICE_FAMILY = "1,2";
			};
			name = Debug;
		};
		D06517852CE64AC900C96E51 /* Release */ = {
			isa = XCBuildConfiguration;
			buildSettings = {
				ASSETCATALOG_COMPILER_APPICON_NAME = AppIcon;
				ASSETCATALOG_COMPILER_GLOBAL_ACCENT_COLOR_NAME = AccentColor;
				CODE_SIGN_STYLE = Automatic;
				CURRENT_PROJECT_VERSION = 1;
				GENERATE_INFOPLIST_FILE = YES;
				INFOPLIST_KEY_UIApplicationSupportsIndirectInputEvents = YES;
				INFOPLIST_KEY_UILaunchStoryboardName = LaunchScreen;
				INFOPLIST_KEY_UIMainStoryboardFile = Main;
				INFOPLIST_KEY_UIStatusBarHidden = YES;
				INFOPLIST_KEY_UISupportedInterfaceOrientations_iPad = "UIInterfaceOrientationPortrait UIInterfaceOrientationPortraitUpsideDown UIInterfaceOrientationLandscapeLeft UIInterfaceOrientationLandscapeRight";
				INFOPLIST_KEY_UISupportedInterfaceOrientations_iPhone = "UIInterfaceOrientationPortrait UIInterfaceOrientationLandscapeLeft UIInterfaceOrientationLandscapeRight";
				LD_RUNPATH_SEARCH_PATHS = (
					"$(inherited)",
					"@executable_path/Frameworks",
				);
				MARKETING_VERSION = 1.0;
				PRODUCT_BUNDLE_IDENTIFIER = com.cxiang2.Molez;
				PRODUCT_NAME = "$(TARGET_NAME)";
				SWIFT_EMIT_LOC_STRINGS = YES;
				SWIFT_VERSION = 5.0;
				TARGETED_DEVICE_FAMILY = "1,2";
			};
			name = Release;
		};
		D06517872CE64AC900C96E51 /* Debug */ = {
			isa = XCBuildConfiguration;
			buildSettings = {
				ALWAYS_EMBED_SWIFT_STANDARD_LIBRARIES = YES;
				BUNDLE_LOADER = "$(TEST_HOST)";
				CODE_SIGN_STYLE = Automatic;
				CURRENT_PROJECT_VERSION = 1;
				GENERATE_INFOPLIST_FILE = YES;
				IPHONEOS_DEPLOYMENT_TARGET = 17.5;
				MARKETING_VERSION = 1.0;
				PRODUCT_BUNDLE_IDENTIFIER = com.cxiang2.MolezTests;
				PRODUCT_NAME = "$(TARGET_NAME)";
				SWIFT_EMIT_LOC_STRINGS = NO;
				SWIFT_VERSION = 5.0;
				TARGETED_DEVICE_FAMILY = "1,2";
				TEST_HOST = "$(BUILT_PRODUCTS_DIR)/Molez.app/$(BUNDLE_EXECUTABLE_FOLDER_PATH)/Molez";
			};
			name = Debug;
		};
		D06517882CE64AC900C96E51 /* Release */ = {
			isa = XCBuildConfiguration;
			buildSettings = {
				ALWAYS_EMBED_SWIFT_STANDARD_LIBRARIES = YES;
				BUNDLE_LOADER = "$(TEST_HOST)";
				CODE_SIGN_STYLE = Automatic;
				CURRENT_PROJECT_VERSION = 1;
				GENERATE_INFOPLIST_FILE = YES;
				IPHONEOS_DEPLOYMENT_TARGET = 17.5;
				MARKETING_VERSION = 1.0;
				PRODUCT_BUNDLE_IDENTIFIER = com.cxiang2.MolezTests;
				PRODUCT_NAME = "$(TARGET_NAME)";
				SWIFT_EMIT_LOC_STRINGS = NO;
				SWIFT_VERSION = 5.0;
				TARGETED_DEVICE_FAMILY = "1,2";
				TEST_HOST = "$(BUILT_PRODUCTS_DIR)/Molez.app/$(BUNDLE_EXECUTABLE_FOLDER_PATH)/Molez";
			};
			name = Release;
		};
		D065178A2CE64AC900C96E51 /* Debug */ = {
			isa = XCBuildConfiguration;
			buildSettings = {
				ALWAYS_EMBED_SWIFT_STANDARD_LIBRARIES = YES;
				CODE_SIGN_STYLE = Automatic;
				CURRENT_PROJECT_VERSION = 1;
				GENERATE_INFOPLIST_FILE = YES;
				MARKETING_VERSION = 1.0;
				PRODUCT_BUNDLE_IDENTIFIER = com.cxiang2.MolezUITests;
				PRODUCT_NAME = "$(TARGET_NAME)";
				SWIFT_EMIT_LOC_STRINGS = NO;
				SWIFT_VERSION = 5.0;
				TARGETED_DEVICE_FAMILY = "1,2";
				TEST_TARGET_NAME = Molez;
			};
			name = Debug;
		};
		D065178B2CE64AC900C96E51 /* Release */ = {
			isa = XCBuildConfiguration;
			buildSettings = {
				ALWAYS_EMBED_SWIFT_STANDARD_LIBRARIES = YES;
				CODE_SIGN_STYLE = Automatic;
				CURRENT_PROJECT_VERSION = 1;
				GENERATE_INFOPLIST_FILE = YES;
				MARKETING_VERSION = 1.0;
				PRODUCT_BUNDLE_IDENTIFIER = com.cxiang2.MolezUITests;
				PRODUCT_NAME = "$(TARGET_NAME)";
				SWIFT_EMIT_LOC_STRINGS = NO;
				SWIFT_VERSION = 5.0;
				TARGETED_DEVICE_FAMILY = "1,2";
				TEST_TARGET_NAME = Molez;
			};
			name = Release;
		};
/* End XCBuildConfiguration section */

/* Begin XCConfigurationList section */
		D06517512CE64AC600C96E51 /* Build configuration list for PBXProject "Molez" */ = {
			isa = XCConfigurationList;
			buildConfigurations = (
				D06517812CE64AC900C96E51 /* Debug */,
				D06517822CE64AC900C96E51 /* Release */,
			);
			defaultConfigurationIsVisible = 0;
			defaultConfigurationName = Release;
		};
		D06517832CE64AC900C96E51 /* Build configuration list for PBXNativeTarget "Molez" */ = {
			isa = XCConfigurationList;
			buildConfigurations = (
				D06517842CE64AC900C96E51 /* Debug */,
				D06517852CE64AC900C96E51 /* Release */,
			);
			defaultConfigurationIsVisible = 0;
			defaultConfigurationName = Release;
		};
		D06517862CE64AC900C96E51 /* Build configuration list for PBXNativeTarget "MolezTests" */ = {
			isa = XCConfigurationList;
			buildConfigurations = (
				D06517872CE64AC900C96E51 /* Debug */,
				D06517882CE64AC900C96E51 /* Release */,
			);
			defaultConfigurationIsVisible = 0;
			defaultConfigurationName = Release;
		};
		D06517892CE64AC900C96E51 /* Build configuration list for PBXNativeTarget "MolezUITests" */ = {
			isa = XCConfigurationList;
			buildConfigurations = (
				D065178A2CE64AC900C96E51 /* Debug */,
				D065178B2CE64AC900C96E51 /* Release */,
			);
			defaultConfigurationIsVisible = 0;
			defaultConfigurationName = Release;
		};
/* End XCConfigurationList section */
	};
	rootObject = D065174E2CE64AC600C96E51 /* Project object */;
}
